
Microsoft Visual Studio Solution File, Format Version 12.00
# Visual Studio Version 16
VisualStudioVersion = 16.0.31727.386
MinimumVisualStudioVersion = 10.0.40219.1
Project("{9A19103F-16F7-4668-BE54-9A1E7A4F7556}") = "Basic_functions", "Basic_functions\Basic_functions.csproj", "{6C0751FF-B742-4CDD-BB25-B47E2E4AE194}"
EndProject
Project("{9A19103F-16F7-4668-BE54-9A1E7A4F7556}") = "TestProject", "TestProject\TestProject.csproj", "{FC2A78CA-C7A8-4597-871E-10BE7C13B129}"
EndProject
Project("{9A19103F-16F7-4668-BE54-9A1E7A4F7556}") = "New_Net_Core", "New_Net_Core\New_Net_Core.csproj", "{9EE74CE6-A39A-4558-BBA4-D551C214E5EB}"
EndProject
Project("{FAE04EC0-301F-11D3-BF4B-00C04F79EFBC}") = "Methods_and_Functions", "Methods_and_Functions\Methods_and_Functions.csproj", "{E24E3FE6-C712-4187-AA3C-12B26514E4BC}"
EndProject
Global
	GlobalSection(SolutionConfigurationPlatforms) = preSolution
		Debug|Any CPU = Debug|Any CPU
		Release|Any CPU = Release|Any CPU
	EndGlobalSection
	GlobalSection(ProjectConfigurationPlatforms) = postSolution
		{6C0751FF-B742-4CDD-BB25-B47E2E4AE194}.Debug|Any CPU.ActiveCfg = Debug|Any CPU
		{6C0751FF-B742-4CDD-BB25-B47E2E4AE194}.Debug|Any CPU.Build.0 = Debug|Any CPU
		{6C0751FF-B742-4CDD-BB25-B47E2E4AE194}.Release|Any CPU.ActiveCfg = Release|Any CPU
		{6C0751FF-B742-4CDD-BB25-B47E2E4AE194}.Release|Any CPU.Build.0 = Release|Any CPU
		{FC2A78CA-C7A8-4597-871E-10BE7C13B129}.Debug|Any CPU.ActiveCfg = Debug|Any CPU
		{FC2A78CA-C7A8-4597-871E-10BE7C13B129}.Debug|Any CPU.Build.0 = Debug|Any CPU
		{FC2A78CA-C7A8-4597-871E-10BE7C13B129}.Release|Any CPU.ActiveCfg = Release|Any CPU
		{FC2A78CA-C7A8-4597-871E-10BE7C13B129}.Release|Any CPU.Build.0 = Release|Any CPU
		{9EE74CE6-A39A-4558-BBA4-D551C214E5EB}.Debug|Any CPU.ActiveCfg = Debug|Any CPU
		{9EE74CE6-A39A-4558-BBA4-D551C214E5EB}.Debug|Any CPU.Build.0 = Debug|Any CPU
		{9EE74CE6-A39A-4558-BBA4-D551C214E5EB}.Release|Any CPU.ActiveCfg = Release|Any CPU
		{9EE74CE6-A39A-4558-BBA4-D551C214E5EB}.Release|Any CPU.Build.0 = Release|Any CPU
		{E24E3FE6-C712-4187-AA3C-12B26514E4BC}.Debug|Any CPU.ActiveCfg = Debug|Any CPU
		{E24E3FE6-C712-4187-AA3C-12B26514E4BC}.Debug|Any CPU.Build.0 = Debug|Any CPU
		{E24E3FE6-C712-4187-AA3C-12B26514E4BC}.Release|Any CPU.ActiveCfg = Release|Any CPU
		{E24E3FE6-C712-4187-AA3C-12B26514E4BC}.Release|Any CPU.Build.0 = Release|Any CPU
	EndGlobalSection
	GlobalSection(SolutionProperties) = preSolution
		HideSolutionNode = FALSE
	EndGlobalSection
	GlobalSection(ExtensibilityGlobals) = postSolution
		SolutionGuid = {0297FECC-00FB-4755-8E41-685E5F9DFA2A}
	EndGlobalSection
EndGlobal
